// !$*UTF8*$!
{
	archiveVersion = 1;
	classes = {
	};
	objectVersion = 46;
	objects = {

/* Begin PBXBuildFile section */
		23DDF5981CCC07A6000AA976 /* AppDelegate.swift in Sources */ = {isa = PBXBuildFile; fileRef = 23DDF5971CCC07A6000AA976 /* AppDelegate.swift */; };
		23DDF59A1CCC07A6000AA976 /* ViewController.swift in Sources */ = {isa = PBXBuildFile; fileRef = 23DDF5991CCC07A6000AA976 /* ViewController.swift */; };
		23DDF59D1CCC07A6000AA976 /* Main.storyboard in Resources */ = {isa = PBXBuildFile; fileRef = 23DDF59B1CCC07A6000AA976 /* Main.storyboard */; };
		23DDF59F1CCC07A6000AA976 /* Assets.xcassets in Resources */ = {isa = PBXBuildFile; fileRef = 23DDF59E1CCC07A6000AA976 /* Assets.xcassets */; };
		23DDF5A21CCC07A6000AA976 /* LaunchScreen.storyboard in Resources */ = {isa = PBXBuildFile; fileRef = 23DDF5A01CCC07A6000AA976 /* LaunchScreen.storyboard */; };
		23DDF5AD1CCC07A6000AA976 /* PopularMoviesTests.swift in Sources */ = {isa = PBXBuildFile; fileRef = 23DDF5AC1CCC07A6000AA976 /* PopularMoviesTests.swift */; };
		23DDF5B81CCC07A6000AA976 /* PopularMoviesUITests.swift in Sources */ = {isa = PBXBuildFile; fileRef = 23DDF5B71CCC07A6000AA976 /* PopularMoviesUITests.swift */; };
/* End PBXBuildFile section */

/* Begin PBXContainerItemProxy section */
		23DDF5A91CCC07A6000AA976 /* PBXContainerItemProxy */ = {
			isa = PBXContainerItemProxy;
			containerPortal = 23DDF58C1CCC07A6000AA976 /* Project object */;
			proxyType = 1;
			remoteGlobalIDString = 23DDF5931CCC07A6000AA976;
			remoteInfo = PopularMovies;
		};
		23DDF5B41CCC07A6000AA976 /* PBXContainerItemProxy */ = {
			isa = PBXContainerItemProxy;
			containerPortal = 23DDF58C1CCC07A6000AA976 /* Project object */;
			proxyType = 1;
			remoteGlobalIDString = 23DDF5931CCC07A6000AA976;
			remoteInfo = PopularMovies;
		};
/* End PBXContainerItemProxy section */

/* Begin PBXFileReference section */
		23DDF5941CCC07A6000AA976 /* PopularMovies.app */ = {isa = PBXFileReference; explicitFileType = wrapper.application; includeInIndex = 0; path = PopularMovies.app; sourceTree = BUILT_PRODUCTS_DIR; };
		23DDF5971CCC07A6000AA976 /* AppDelegate.swift */ = {isa = PBXFileReference; lastKnownFileType = sourcecode.swift; path = AppDelegate.swift; sourceTree = "<group>"; };
		23DDF5991CCC07A6000AA976 /* ViewController.swift */ = {isa = PBXFileReference; lastKnownFileType = sourcecode.swift; path = ViewController.swift; sourceTree = "<group>"; };
		23DDF59C1CCC07A6000AA976 /* Base */ = {isa = PBXFileReference; lastKnownFileType = file.storyboard; name = Base; path = Base.lproj/Main.storyboard; sourceTree = "<group>"; };
		23DDF59E1CCC07A6000AA976 /* Assets.xcassets */ = {isa = PBXFileReference; lastKnownFileType = folder.assetcatalog; path = Assets.xcassets; sourceTree = "<group>"; };
		23DDF5A11CCC07A6000AA976 /* Base */ = {isa = PBXFileReference; lastKnownFileType = file.storyboard; name = Base; path = Base.lproj/LaunchScreen.storyboard; sourceTree = "<group>"; };
		23DDF5A31CCC07A6000AA976 /* Info.plist */ = {isa = PBXFileReference; lastKnownFileType = text.plist.xml; path = Info.plist; sourceTree = "<group>"; };
		23DDF5A81CCC07A6000AA976 /* PopularMoviesTests.xctest */ = {isa = PBXFileReference; explicitFileType = wrapper.cfbundle; includeInIndex = 0; path = PopularMoviesTests.xctest; sourceTree = BUILT_PRODUCTS_DIR; };
		23DDF5AC1CCC07A6000AA976 /* PopularMoviesTests.swift */ = {isa = PBXFileReference; lastKnownFileType = sourcecode.swift; path = PopularMoviesTests.swift; sourceTree = "<group>"; };
		23DDF5AE1CCC07A6000AA976 /* Info.plist */ = {isa = PBXFileReference; lastKnownFileType = text.plist.xml; path = Info.plist; sourceTree = "<group>"; };
		23DDF5B31CCC07A6000AA976 /* PopularMoviesUITests.xctest */ = {isa = PBXFileReference; explicitFileType = wrapper.cfbundle; includeInIndex = 0; path = PopularMoviesUITests.xctest; sourceTree = BUILT_PRODUCTS_DIR; };
		23DDF5B71CCC07A6000AA976 /* PopularMoviesUITests.swift */ = {isa = PBXFileReference; lastKnownFileType = sourcecode.swift; path = PopularMoviesUITests.swift; sourceTree = "<group>"; };
		23DDF5B91CCC07A6000AA976 /* Info.plist */ = {isa = PBXFileReference; lastKnownFileType = text.plist.xml; path = Info.plist; sourceTree = "<group>"; };
/* End PBXFileReference section */

/* Begin PBXFrameworksBuildPhase section */
		23DDF5911CCC07A6000AA976 /* Frameworks */ = {
			isa = PBXFrameworksBuildPhase;
			buildActionMask = 2147483647;
			files = (
			);
			runOnlyForDeploymentPostprocessing = 0;
		};
		23DDF5A51CCC07A6000AA976 /* Frameworks */ = {
			isa = PBXFrameworksBuildPhase;
			buildActionMask = 2147483647;
			files = (
			);
			runOnlyForDeploymentPostprocessing = 0;
		};
		23DDF5B01CCC07A6000AA976 /* Frameworks */ = {
			isa = PBXFrameworksBuildPhase;
			buildActionMask = 2147483647;
			files = (
			);
			runOnlyForDeploymentPostprocessing = 0;
		};
/* End PBXFrameworksBuildPhase section */

/* Begin PBXGroup section */
		23DDF58B1CCC07A6000AA976 = {
			isa = PBXGroup;
			children = (
				23DDF5961CCC07A6000AA976 /* PopularMovies */,
				23DDF5AB1CCC07A6000AA976 /* PopularMoviesTests */,
				23DDF5B61CCC07A6000AA976 /* PopularMoviesUITests */,
				23DDF5951CCC07A6000AA976 /* Products */,
			);
			sourceTree = "<group>";
		};
		23DDF5951CCC07A6000AA976 /* Products */ = {
			isa = PBXGroup;
			children = (
				23DDF5941CCC07A6000AA976 /* PopularMovies.app */,
				23DDF5A81CCC07A6000AA976 /* PopularMoviesTests.xctest */,
				23DDF5B31CCC07A6000AA976 /* PopularMoviesUITests.xctest */,
			);
			name = Products;
			sourceTree = "<group>";
		};
		23DDF5961CCC07A6000AA976 /* PopularMovies */ = {
			isa = PBXGroup;
			children = (
				23DDF5971CCC07A6000AA976 /* AppDelegate.swift */,
				23DDF5991CCC07A6000AA976 /* ViewController.swift */,
				23DDF59B1CCC07A6000AA976 /* Main.storyboard */,
				23DDF59E1CCC07A6000AA976 /* Assets.xcassets */,
				23DDF5A01CCC07A6000AA976 /* LaunchScreen.storyboard */,
				23DDF5A31CCC07A6000AA976 /* Info.plist */,
			);
			path = PopularMovies;
			sourceTree = "<group>";
		};
		23DDF5AB1CCC07A6000AA976 /* PopularMoviesTests */ = {
			isa = PBXGroup;
			children = (
				23DDF5AC1CCC07A6000AA976 /* PopularMoviesTests.swift */,
				23DDF5AE1CCC07A6000AA976 /* Info.plist */,
			);
			path = PopularMoviesTests;
			sourceTree = "<group>";
		};
		23DDF5B61CCC07A6000AA976 /* PopularMoviesUITests */ = {
			isa = PBXGroup;
			children = (
				23DDF5B71CCC07A6000AA976 /* PopularMoviesUITests.swift */,
				23DDF5B91CCC07A6000AA976 /* Info.plist */,
			);
			path = PopularMoviesUITests;
			sourceTree = "<group>";
		};
/* End PBXGroup section */

/* Begin PBXNativeTarget section */
		23DDF5931CCC07A6000AA976 /* PopularMovies */ = {
			isa = PBXNativeTarget;
			buildConfigurationList = 23DDF5BC1CCC07A6000AA976 /* Build configuration list for PBXNativeTarget "PopularMovies" */;
			buildPhases = (
				23DDF5901CCC07A6000AA976 /* Sources */,
				23DDF5911CCC07A6000AA976 /* Frameworks */,
				23DDF5921CCC07A6000AA976 /* Resources */,
			);
			buildRules = (
			);
			dependencies = (
			);
			name = PopularMovies;
			productName = PopularMovies;
			productReference = 23DDF5941CCC07A6000AA976 /* PopularMovies.app */;
			productType = "com.apple.product-type.application";
		};
		23DDF5A71CCC07A6000AA976 /* PopularMoviesTests */ = {
			isa = PBXNativeTarget;
			buildConfigurationList = 23DDF5BF1CCC07A6000AA976 /* Build configuration list for PBXNativeTarget "PopularMoviesTests" */;
			buildPhases = (
				23DDF5A41CCC07A6000AA976 /* Sources */,
				23DDF5A51CCC07A6000AA976 /* Frameworks */,
				23DDF5A61CCC07A6000AA976 /* Resources */,
			);
			buildRules = (
			);
			dependencies = (
				23DDF5AA1CCC07A6000AA976 /* PBXTargetDependency */,
			);
			name = PopularMoviesTests;
			productName = PopularMoviesTests;
			productReference = 23DDF5A81CCC07A6000AA976 /* PopularMoviesTests.xctest */;
			productType = "com.apple.product-type.bundle.unit-test";
		};
		23DDF5B21CCC07A6000AA976 /* PopularMoviesUITests */ = {
			isa = PBXNativeTarget;
			buildConfigurationList = 23DDF5C21CCC07A6000AA976 /* Build configuration list for PBXNativeTarget "PopularMoviesUITests" */;
			buildPhases = (
				23DDF5AF1CCC07A6000AA976 /* Sources */,
				23DDF5B01CCC07A6000AA976 /* Frameworks */,
				23DDF5B11CCC07A6000AA976 /* Resources */,
			);
			buildRules = (
			);
			dependencies = (
				23DDF5B51CCC07A6000AA976 /* PBXTargetDependency */,
			);
			name = PopularMoviesUITests;
			productName = PopularMoviesUITests;
			productReference = 23DDF5B31CCC07A6000AA976 /* PopularMoviesUITests.xctest */;
			productType = "com.apple.product-type.bundle.ui-testing";
		};
/* End PBXNativeTarget section */

/* Begin PBXProject section */
		23DDF58C1CCC07A6000AA976 /* Project object */ = {
			isa = PBXProject;
			attributes = {
				LastSwiftUpdateCheck = 0720;
				LastUpgradeCheck = 0720;
				ORGANIZATIONNAME = "Lucas David Serruya";
				TargetAttributes = {
					23DDF5931CCC07A6000AA976 = {
						CreatedOnToolsVersion = 7.2.1;
					};
					23DDF5A71CCC07A6000AA976 = {
						CreatedOnToolsVersion = 7.2.1;
						TestTargetID = 23DDF5931CCC07A6000AA976;
					};
					23DDF5B21CCC07A6000AA976 = {
						CreatedOnToolsVersion = 7.2.1;
						TestTargetID = 23DDF5931CCC07A6000AA976;
					};
				};
			};
			buildConfigurationList = 23DDF58F1CCC07A6000AA976 /* Build configuration list for PBXProject "PopularMovies" */;
			compatibilityVersion = "Xcode 3.2";
			developmentRegion = English;
			hasScannedForEncodings = 0;
			knownRegions = (
				en,
				Base,
			);
			mainGroup = 23DDF58B1CCC07A6000AA976;
			productRefGroup = 23DDF5951CCC07A6000AA976 /* Products */;
			projectDirPath = "";
			projectRoot = "";
			targets = (
				23DDF5931CCC07A6000AA976 /* PopularMovies */,
				23DDF5A71CCC07A6000AA976 /* PopularMoviesTests */,
				23DDF5B21CCC07A6000AA976 /* PopularMoviesUITests */,
			);
		};
/* End PBXProject section */

/* Begin PBXResourcesBuildPhase section */
		23DDF5921CCC07A6000AA976 /* Resources */ = {
			isa = PBXResourcesBuildPhase;
			buildActionMask = 2147483647;
			files = (
				23DDF5A21CCC07A6000AA976 /* LaunchScreen.storyboard in Resources */,
				23DDF59F1CCC07A6000AA976 /* Assets.xcassets in Resources */,
				23DDF59D1CCC07A6000AA976 /* Main.storyboard in Resources */,
			);
			runOnlyForDeploymentPostprocessing = 0;
		};
		23DDF5A61CCC07A6000AA976 /* Resources */ = {
			isa = PBXResourcesBuildPhase;
			buildActionMask = 2147483647;
			files = (
			);
			runOnlyForDeploymentPostprocessing = 0;
		};
		23DDF5B11CCC07A6000AA976 /* Resources */ = {
			isa = PBXResourcesBuildPhase;
			buildActionMask = 2147483647;
			files = (
			);
			runOnlyForDeploymentPostprocessing = 0;
		};
/* End PBXResourcesBuildPhase section */

/* Begin PBXSourcesBuildPhase section */
		23DDF5901CCC07A6000AA976 /* Sources */ = {
			isa = PBXSourcesBuildPhase;
			buildActionMask = 2147483647;
			files = (
				23DDF59A1CCC07A6000AA976 /* ViewController.swift in Sources */,
				23DDF5981CCC07A6000AA976 /* AppDelegate.swift in Sources */,
			);
			runOnlyForDeploymentPostprocessing = 0;
		};
		23DDF5A41CCC07A6000AA976 /* Sources */ = {
			isa = PBXSourcesBuildPhase;
			buildActionMask = 2147483647;
			files = (
				23DDF5AD1CCC07A6000AA976 /* PopularMoviesTests.swift in Sources */,
			);
			runOnlyForDeploymentPostprocessing = 0;
		};
		23DDF5AF1CCC07A6000AA976 /* Sources */ = {
			isa = PBXSourcesBuildPhase;
			buildActionMask = 2147483647;
			files = (
				23DDF5B81CCC07A6000AA976 /* PopularMoviesUITests.swift in Sources */,
			);
			runOnlyForDeploymentPostprocessing = 0;
		};
/* End PBXSourcesBuildPhase section */

/* Begin PBXTargetDependency section */
		23DDF5AA1CCC07A6000AA976 /* PBXTargetDependency */ = {
			isa = PBXTargetDependency;
			target = 23DDF5931CCC07A6000AA976 /* PopularMovies */;
			targetProxy = 23DDF5A91CCC07A6000AA976 /* PBXContainerItemProxy */;
		};
		23DDF5B51CCC07A6000AA976 /* PBXTargetDependency */ = {
			isa = PBXTargetDependency;
			target = 23DDF5931CCC07A6000AA976 /* PopularMovies */;
			targetProxy = 23DDF5B41CCC07A6000AA976 /* PBXContainerItemProxy */;
		};
/* End PBXTargetDependency section */

/* Begin PBXVariantGroup section */
		23DDF59B1CCC07A6000AA976 /* Main.storyboard */ = {
			isa = PBXVariantGroup;
			children = (
				23DDF59C1CCC07A6000AA976 /* Base */,
			);
			name = Main.storyboard;
			sourceTree = "<group>";
		};
		23DDF5A01CCC07A6000AA976 /* LaunchScreen.storyboard */ = {
			isa = PBXVariantGroup;
			children = (
				23DDF5A11CCC07A6000AA976 /* Base */,
			);
			name = LaunchScreen.storyboard;
			sourceTree = "<group>";
		};
/* End PBXVariantGroup section */

/* Begin XCBuildConfiguration section */
		23DDF5BA1CCC07A6000AA976 /* Debug */ = {
			isa = XCBuildConfiguration;
			buildSettings = {
				ALWAYS_SEARCH_USER_PATHS = NO;
				CLANG_CXX_LANGUAGE_STANDARD = "gnu++0x";
				CLANG_CXX_LIBRARY = "libc++";
				CLANG_ENABLE_MODULES = YES;
				CLANG_ENABLE_OBJC_ARC = YES;
				CLANG_WARN_BOOL_CONVERSION = YES;
				CLANG_WARN_CONSTANT_CONVERSION = YES;
				CLANG_WARN_DIRECT_OBJC_ISA_USAGE = YES_ERROR;
				CLANG_WARN_EMPTY_BODY = YES;
				CLANG_WARN_ENUM_CONVERSION = YES;
				CLANG_WARN_INT_CONVERSION = YES;
				CLANG_WARN_OBJC_ROOT_CLASS = YES_ERROR;
				CLANG_WARN_UNREACHABLE_CODE = YES;
				CLANG_WARN__DUPLICATE_METHOD_MATCH = YES;
				"CODE_SIGN_IDENTITY[sdk=iphoneos*]" = "iPhone Developer";
				COPY_PHASE_STRIP = NO;
				DEBUG_INFORMATION_FORMAT = dwarf;
				ENABLE_STRICT_OBJC_MSGSEND = YES;
				ENABLE_TESTABILITY = YES;
				GCC_C_LANGUAGE_STANDARD = gnu99;
				GCC_DYNAMIC_NO_PIC = NO;
				GCC_NO_COMMON_BLOCKS = YES;
				GCC_OPTIMIZATION_LEVEL = 0;
				GCC_PREPROCESSOR_DEFINITIONS = (
					"DEBUG=1",
					"$(inherited)",
				);
				GCC_WARN_64_TO_32_BIT_CONVERSION = YES;
				GCC_WARN_ABOUT_RETURN_TYPE = YES_ERROR;
				GCC_WARN_UNDECLARED_SELECTOR = YES;
				GCC_WARN_UNINITIALIZED_AUTOS = YES_AGGRESSIVE;
				GCC_WARN_UNUSED_FUNCTION = YES;
				GCC_WARN_UNUSED_VARIABLE = YES;
				IPHONEOS_DEPLOYMENT_TARGET = 9.2;
				MTL_ENABLE_DEBUG_INFO = YES;
				ONLY_ACTIVE_ARCH = YES;
				SDKROOT = iphoneos;
				SWIFT_OPTIMIZATION_LEVEL = "-Onone";
				TARGETED_DEVICE_FAMILY = "1,2";
			};
			name = Debug;
		};
		23DDF5BB1CCC07A6000AA976 /* Release */ = {
			isa = XCBuildConfiguration;
			buildSettings = {
				ALWAYS_SEARCH_USER_PATHS = NO;
				CLANG_CXX_LANGUAGE_STANDARD = "gnu++0x";
				CLANG_CXX_LIBRARY = "libc++";
				CLANG_ENABLE_MODULES = YES;
				CLANG_ENABLE_OBJC_ARC = YES;
				CLANG_WARN_BOOL_CONVERSION = YES;
				CLANG_WARN_CONSTANT_CONVERSION = YES;
				CLANG_WARN_DIRECT_OBJC_ISA_USAGE = YES_ERROR;
				CLANG_WARN_EMPTY_BODY = YES;
				CLANG_WARN_ENUM_CONVERSION = YES;
				CLANG_WARN_INT_CONVERSION = YES;
				CLANG_WARN_OBJC_ROOT_CLASS = YES_ERROR;
				CLANG_WARN_UNREACHABLE_CODE = YES;
				CLANG_WARN__DUPLICATE_METHOD_MATCH = YES;
				"CODE_SIGN_IDENTITY[sdk=iphoneos*]" = "iPhone Developer";
				COPY_PHASE_STRIP = NO;
				DEBUG_INFORMATION_FORMAT = "dwarf-with-dsym";
				ENABLE_NS_ASSERTIONS = NO;
				ENABLE_STRICT_OBJC_MSGSEND = YES;
				GCC_C_LANGUAGE_STANDARD = gnu99;
				GCC_NO_COMMON_BLOCKS = YES;
				GCC_WARN_64_TO_32_BIT_CONVERSION = YES;
				GCC_WARN_ABOUT_RETURN_TYPE = YES_ERROR;
				GCC_WARN_UNDECLARED_SELECTOR = YES;
				GCC_WARN_UNINITIALIZED_AUTOS = YES_AGGRESSIVE;
				GCC_WARN_UNUSED_FUNCTION = YES;
				GCC_WARN_UNUSED_VARIABLE = YES;
				IPHONEOS_DEPLOYMENT_TARGET = 9.2;
				MTL_ENABLE_DEBUG_INFO = NO;
				SDKROOT = iphoneos;
				TARGETED_DEVICE_FAMILY = "1,2";
				VALIDATE_PRODUCT = YES;
			};
			name = Release;
		};
		23DDF5BD1CCC07A6000AA976 /* Debug */ = {
			isa = XCBuildConfiguration;
			buildSettings = {
				ASSETCATALOG_COMPILER_APPICON_NAME = AppIcon;
				INFOPLIST_FILE = PopularMovies/Info.plist;
				LD_RUNPATH_SEARCH_PATHS = "$(inherited) @executable_path/Frameworks";
				PRODUCT_BUNDLE_IDENTIFIER = com.lds.PopularMovies;
				PRODUCT_NAME = "$(TARGET_NAME)";
			};
			name = Debug;
		};
		23DDF5BE1CCC07A6000AA976 /* Release */ = {
			isa = XCBuildConfiguration;
			buildSettings = {
				ASSETCATALOG_COMPILER_APPICON_NAME = AppIcon;
				INFOPLIST_FILE = PopularMovies/Info.plist;
				LD_RUNPATH_SEARCH_PATHS = "$(inherited) @executable_path/Frameworks";
				PRODUCT_BUNDLE_IDENTIFIER = com.lds.PopularMovies;
				PRODUCT_NAME = "$(TARGET_NAME)";
			};
			name = Release;
		};
		23DDF5C01CCC07A6000AA976 /* Debug */ = {
			isa = XCBuildConfiguration;
			buildSettings = {
				BUNDLE_LOADER = "$(TEST_HOST)";
				INFOPLIST_FILE = PopularMoviesTests/Info.plist;
				LD_RUNPATH_SEARCH_PATHS = "$(inherited) @executable_path/Frameworks @loader_path/Frameworks";
				PRODUCT_BUNDLE_IDENTIFIER = com.lds.PopularMoviesTests;
				PRODUCT_NAME = "$(TARGET_NAME)";
				TEST_HOST = "$(BUILT_PRODUCTS_DIR)/PopularMovies.app/PopularMovies";
			};
			name = Debug;
		};
		23DDF5C11CCC07A6000AA976 /* Release */ = {
			isa = XCBuildConfiguration;
			buildSettings = {
				BUNDLE_LOADER = "$(TEST_HOST)";
				INFOPLIST_FILE = PopularMoviesTests/Info.plist;
				LD_RUNPATH_SEARCH_PATHS = "$(inherited) @executable_path/Frameworks @loader_path/Frameworks";
				PRODUCT_BUNDLE_IDENTIFIER = com.lds.PopularMoviesTests;
				PRODUCT_NAME = "$(TARGET_NAME)";
				TEST_HOST = "$(BUILT_PRODUCTS_DIR)/PopularMovies.app/PopularMovies";
			};
			name = Release;
		};
		23DDF5C31CCC07A6000AA976 /* Debug */ = {
			isa = XCBuildConfiguration;
			buildSettings = {
				INFOPLIST_FILE = PopularMoviesUITests/Info.plist;
				LD_RUNPATH_SEARCH_PATHS = "$(inherited) @executable_path/Frameworks @loader_path/Frameworks";
				PRODUCT_BUNDLE_IDENTIFIER = com.lds.PopularMoviesUITests;
				PRODUCT_NAME = "$(TARGET_NAME)";
				TEST_TARGET_NAME = PopularMovies;
				USES_XCTRUNNER = YES;
			};
			name = Debug;
		};
		23DDF5C41CCC07A6000AA976 /* Release */ = {
			isa = XCBuildConfiguration;
			buildSettings = {
				INFOPLIST_FILE = PopularMoviesUITests/Info.plist;
				LD_RUNPATH_SEARCH_PATHS = "$(inherited) @executable_path/Frameworks @loader_path/Frameworks";
				PRODUCT_BUNDLE_IDENTIFIER = com.lds.PopularMoviesUITests;
				PRODUCT_NAME = "$(TARGET_NAME)";
				TEST_TARGET_NAME = PopularMovies;
				USES_XCTRUNNER = YES;
			};
			name = Release;
		};
/* End XCBuildConfiguration section */

/* Begin XCConfigurationList section */
		23DDF58F1CCC07A6000AA976 /* Build configuration list for PBXProject "PopularMovies" */ = {
			isa = XCConfigurationList;
			buildConfigurations = (
				23DDF5BA1CCC07A6000AA976 /* Debug */,
				23DDF5BB1CCC07A6000AA976 /* Release */,
			);
			defaultConfigurationIsVisible = 0;
			defaultConfigurationName = Release;
		};
		23DDF5BC1CCC07A6000AA976 /* Build configuration list for PBXNativeTarget "PopularMovies" */ = {
			isa = XCConfigurationList;
			buildConfigurations = (
				23DDF5BD1CCC07A6000AA976 /* Debug */,
				23DDF5BE1CCC07A6000AA976 /* Release */,
			);
			defaultConfigurationIsVisible = 0;
		};
		23DDF5BF1CCC07A6000AA976 /* Build configuration list for PBXNativeTarget "PopularMoviesTests" */ = {
			isa = XCConfigurationList;
			buildConfigurations = (
				23DDF5C01CCC07A6000AA976 /* Debug */,
				23DDF5C11CCC07A6000AA976 /* Release */,
			);
			defaultConfigurationIsVisible = 0;
		};
		23DDF5C21CCC07A6000AA976 /* Build configuration list for PBXNativeTarget "PopularMoviesUITests" */ = {
			isa = XCConfigurationList;
			buildConfigurations = (
				23DDF5C31CCC07A6000AA976 /* Debug */,
				23DDF5C41CCC07A6000AA976 /* Release */,
			);
			defaultConfigurationIsVisible = 0;
		};
/* End XCConfigurationList section */
	};
	rootObject = 23DDF58C1CCC07A6000AA976 /* Project object */;
}
